
Microsoft Visual Studio Solution File, Format Version 12.00
# Visual Studio Version 17
VisualStudioVersion = 17.3.32929.385
MinimumVisualStudioVersion = 10.0.40219.1
Project("{FAE04EC0-301F-11D3-BF4B-00C04F79EFBC}") = "Linq", "Linq.csproj", "{AA57A837-3D12-4A8B-925D-454A7618F09A}"
EndProject
Global
	GlobalSection(SolutionConfigurationPlatforms) = preSolution
		Debug|Any CPU = Debug|Any CPU
		Release|Any CPU = Release|Any CPU
	EndGlobalSection
	GlobalSection(ProjectConfigurationPlatforms) = postSolution
		{AA57A837-3D12-4A8B-925D-454A7618F09A}.Debug|Any CPU.ActiveCfg = Debug|Any CPU
		{AA57A837-3D12-4A8B-925D-454A7618F09A}.Debug|Any CPU.Build.0 = Debug|Any CPU
		{AA57A837-3D12-4A8B-925D-454A7618F09A}.Release|Any CPU.ActiveCfg = Release|Any CPU
		{AA57A837-3D12-4A8B-925D-454A7618F09A}.Release|Any CPU.Build.0 = Release|Any CPU
	EndGlobalSection
	GlobalSection(SolutionProperties) = preSolution
		HideSolutionNode = FALSE
	EndGlobalSection
	GlobalSection(ExtensibilityGlobals) = postSolution
		SolutionGuid = {DBCCD4C2-1F36-42DC-836C-0764087365A8}
	EndGlobalSection
EndGlobal
